// !$*UTF8*$!
{
	archiveVersion = 1;
	classes = {
	};
	objectVersion = 50;
	objects = {

/* Begin PBXBuildFile section */
		220E6E50240B84FF0046A114 /* AppDelegate.swift in Sources */ = {isa = PBXBuildFile; fileRef = 220E6E4F240B84FF0046A114 /* AppDelegate.swift */; };
		220E6E52240B84FF0046A114 /* ContentView.swift in Sources */ = {isa = PBXBuildFile; fileRef = 220E6E51240B84FF0046A114 /* ContentView.swift */; };
		220E6E54240B85000046A114 /* Assets.xcassets in Resources */ = {isa = PBXBuildFile; fileRef = 220E6E53240B85000046A114 /* Assets.xcassets */; };
		220E6E57240B85000046A114 /* Preview Assets.xcassets in Resources */ = {isa = PBXBuildFile; fileRef = 220E6E56240B85000046A114 /* Preview Assets.xcassets */; };
		220E6E5A240B85000046A114 /* Main.storyboard in Resources */ = {isa = PBXBuildFile; fileRef = 220E6E58240B85000046A114 /* Main.storyboard */; };
		220E6E63240BFCFB0046A114 /* SettingView.swift in Sources */ = {isa = PBXBuildFile; fileRef = 220E6E62240BFCFB0046A114 /* SettingView.swift */; };
		220E6E65240E84830046A114 /* BreakTimeView.swift in Sources */ = {isa = PBXBuildFile; fileRef = 220E6E64240E84830046A114 /* BreakTimeView.swift */; };
		227665C22414EFDC00F5E2F3 /* WindowControlller.swift in Sources */ = {isa = PBXBuildFile; fileRef = 227665C12414EFDC00F5E2F3 /* WindowControlller.swift */; };
		22C710EA24153AD100DBE7EF /* Setting.swift in Sources */ = {isa = PBXBuildFile; fileRef = 22C710E924153AD100DBE7EF /* Setting.swift */; };
		22F34D102428FCE4000ECC0A /* PomoTimer.swift in Sources */ = {isa = PBXBuildFile; fileRef = 22F34D0F2428FCE4000ECC0A /* PomoTimer.swift */; };
/* End PBXBuildFile section */

/* Begin PBXFileReference section */
		220E6E4C240B84FF0046A114 /* pomododo.app */ = {isa = PBXFileReference; explicitFileType = wrapper.application; includeInIndex = 0; path = pomododo.app; sourceTree = BUILT_PRODUCTS_DIR; };
		220E6E4F240B84FF0046A114 /* AppDelegate.swift */ = {isa = PBXFileReference; lastKnownFileType = sourcecode.swift; path = AppDelegate.swift; sourceTree = "<group>"; };
		220E6E51240B84FF0046A114 /* ContentView.swift */ = {isa = PBXFileReference; lastKnownFileType = sourcecode.swift; path = ContentView.swift; sourceTree = "<group>"; };
		220E6E53240B85000046A114 /* Assets.xcassets */ = {isa = PBXFileReference; lastKnownFileType = folder.assetcatalog; path = Assets.xcassets; sourceTree = "<group>"; };
		220E6E56240B85000046A114 /* Preview Assets.xcassets */ = {isa = PBXFileReference; lastKnownFileType = folder.assetcatalog; path = "Preview Assets.xcassets"; sourceTree = "<group>"; };
		220E6E59240B85000046A114 /* Base */ = {isa = PBXFileReference; lastKnownFileType = file.storyboard; name = Base; path = Base.lproj/Main.storyboard; sourceTree = "<group>"; };
		220E6E5B240B85000046A114 /* Info.plist */ = {isa = PBXFileReference; lastKnownFileType = text.plist.xml; path = Info.plist; sourceTree = "<group>"; };
		220E6E5C240B85010046A114 /* pomododo.entitlements */ = {isa = PBXFileReference; lastKnownFileType = text.plist.entitlements; path = pomododo.entitlements; sourceTree = "<group>"; };
		220E6E62240BFCFB0046A114 /* SettingView.swift */ = {isa = PBXFileReference; lastKnownFileType = sourcecode.swift; path = SettingView.swift; sourceTree = "<group>"; };
		220E6E64240E84830046A114 /* BreakTimeView.swift */ = {isa = PBXFileReference; lastKnownFileType = sourcecode.swift; path = BreakTimeView.swift; sourceTree = "<group>"; };
		227665C12414EFDC00F5E2F3 /* WindowControlller.swift */ = {isa = PBXFileReference; lastKnownFileType = sourcecode.swift; path = WindowControlller.swift; sourceTree = "<group>"; };
		22C710E924153AD100DBE7EF /* Setting.swift */ = {isa = PBXFileReference; lastKnownFileType = sourcecode.swift; path = Setting.swift; sourceTree = "<group>"; };
		22F34D0F2428FCE4000ECC0A /* PomoTimer.swift */ = {isa = PBXFileReference; lastKnownFileType = sourcecode.swift; path = PomoTimer.swift; sourceTree = "<group>"; };
/* End PBXFileReference section */

/* Begin PBXFrameworksBuildPhase section */
		220E6E49240B84FF0046A114 /* Frameworks */ = {
			isa = PBXFrameworksBuildPhase;
			buildActionMask = 2147483647;
			files = (
			);
			runOnlyForDeploymentPostprocessing = 0;
		};
/* End PBXFrameworksBuildPhase section */

/* Begin PBXGroup section */
		220E6E43240B84FF0046A114 = {
			isa = PBXGroup;
			children = (
				220E6E4E240B84FF0046A114 /* pomododo */,
				220E6E4D240B84FF0046A114 /* Products */,
			);
			sourceTree = "<group>";
		};
		220E6E4D240B84FF0046A114 /* Products */ = {
			isa = PBXGroup;
			children = (
				220E6E4C240B84FF0046A114 /* pomododo.app */,
			);
			name = Products;
			sourceTree = "<group>";
		};
		220E6E4E240B84FF0046A114 /* pomododo */ = {
			isa = PBXGroup;
			children = (
				22F34D0E2428FCD1000ECC0A /* Utils */,
				22F34D0D2428FCB4000ECC0A /* Controllers */,
				22F34D0C2428FCA4000ECC0A /* Views */,
				22C710E624153A4500DBE7EF /* Models */,
				220E6E4F240B84FF0046A114 /* AppDelegate.swift */,
				220E6E53240B85000046A114 /* Assets.xcassets */,
				220E6E58240B85000046A114 /* Main.storyboard */,
				220E6E5B240B85000046A114 /* Info.plist */,
				220E6E5C240B85010046A114 /* pomododo.entitlements */,
				220E6E55240B85000046A114 /* Preview Content */,
			);
			path = pomododo;
			sourceTree = "<group>";
		};
		220E6E55240B85000046A114 /* Preview Content */ = {
			isa = PBXGroup;
			children = (
				220E6E56240B85000046A114 /* Preview Assets.xcassets */,
			);
			path = "Preview Content";
			sourceTree = "<group>";
		};
		22C710E624153A4500DBE7EF /* Models */ = {
			isa = PBXGroup;
			children = (
				22F34D0F2428FCE4000ECC0A /* PomoTimer.swift */,
				22C710E924153AD100DBE7EF /* Setting.swift */,
			);
			path = Models;
			sourceTree = "<group>";
		};
		22F34D0C2428FCA4000ECC0A /* Views */ = {
			isa = PBXGroup;
			children = (
				220E6E51240B84FF0046A114 /* ContentView.swift */,
				220E6E62240BFCFB0046A114 /* SettingView.swift */,
				220E6E64240E84830046A114 /* BreakTimeView.swift */,
			);
			path = Views;
			sourceTree = "<group>";
		};
		22F34D0D2428FCB4000ECC0A /* Controllers */ = {
			isa = PBXGroup;
			children = (
				227665C12414EFDC00F5E2F3 /* WindowControlller.swift */,
			);
			path = Controllers;
			sourceTree = "<group>";
		};
		22F34D0E2428FCD1000ECC0A /* Utils */ = {
			isa = PBXGroup;
			children = (
			);
			path = Utils;
			sourceTree = "<group>";
		};
/* End PBXGroup section */

/* Begin PBXNativeTarget section */
		220E6E4B240B84FF0046A114 /* pomododo */ = {
			isa = PBXNativeTarget;
			buildConfigurationList = 220E6E5F240B85010046A114 /* Build configuration list for PBXNativeTarget "pomododo" */;
			buildPhases = (
				220E6E48240B84FF0046A114 /* Sources */,
				220E6E49240B84FF0046A114 /* Frameworks */,
				220E6E4A240B84FF0046A114 /* Resources */,
			);
			buildRules = (
			);
			dependencies = (
			);
			name = pomododo;
			productName = pomododo;
			productReference = 220E6E4C240B84FF0046A114 /* pomododo.app */;
			productType = "com.apple.product-type.application";
		};
/* End PBXNativeTarget section */

/* Begin PBXProject section */
		220E6E44240B84FF0046A114 /* Project object */ = {
			isa = PBXProject;
			attributes = {
				LastSwiftUpdateCheck = 1130;
				LastUpgradeCheck = 1130;
				ORGANIZATIONNAME = triet;
				TargetAttributes = {
					220E6E4B240B84FF0046A114 = {
						CreatedOnToolsVersion = 11.3.1;
					};
				};
			};
			buildConfigurationList = 220E6E47240B84FF0046A114 /* Build configuration list for PBXProject "pomododo" */;
			compatibilityVersion = "Xcode 9.3";
			developmentRegion = en;
			hasScannedForEncodings = 0;
			knownRegions = (
				en,
				Base,
			);
			mainGroup = 220E6E43240B84FF0046A114;
			productRefGroup = 220E6E4D240B84FF0046A114 /* Products */;
			projectDirPath = "";
			projectRoot = "";
			targets = (
				220E6E4B240B84FF0046A114 /* pomododo */,
			);
		};
/* End PBXProject section */

/* Begin PBXResourcesBuildPhase section */
		220E6E4A240B84FF0046A114 /* Resources */ = {
			isa = PBXResourcesBuildPhase;
			buildActionMask = 2147483647;
			files = (
				220E6E5A240B85000046A114 /* Main.storyboard in Resources */,
				220E6E57240B85000046A114 /* Preview Assets.xcassets in Resources */,
				220E6E54240B85000046A114 /* Assets.xcassets in Resources */,
			);
			runOnlyForDeploymentPostprocessing = 0;
		};
/* End PBXResourcesBuildPhase section */

/* Begin PBXSourcesBuildPhase section */
		220E6E48240B84FF0046A114 /* Sources */ = {
			isa = PBXSourcesBuildPhase;
			buildActionMask = 2147483647;
			files = (
				220E6E52240B84FF0046A114 /* ContentView.swift in Sources */,
				220E6E50240B84FF0046A114 /* AppDelegate.swift in Sources */,
				22F34D102428FCE4000ECC0A /* PomoTimer.swift in Sources */,
				22C710EA24153AD100DBE7EF /* Setting.swift in Sources */,
				220E6E65240E84830046A114 /* BreakTimeView.swift in Sources */,
				220E6E63240BFCFB0046A114 /* SettingView.swift in Sources */,
				227665C22414EFDC00F5E2F3 /* WindowControlller.swift in Sources */,
			);
			runOnlyForDeploymentPostprocessing = 0;
		};
/* End PBXSourcesBuildPhase section */

/* Begin PBXVariantGroup section */
		220E6E58240B85000046A114 /* Main.storyboard */ = {
			isa = PBXVariantGroup;
			children = (
				220E6E59240B85000046A114 /* Base */,
			);
			name = Main.storyboard;
			sourceTree = "<group>";
		};
/* End PBXVariantGroup section */

/* Begin XCBuildConfiguration section */
		220E6E5D240B85010046A114 /* Debug */ = {
			isa = XCBuildConfiguration;
			buildSettings = {
				ALWAYS_SEARCH_USER_PATHS = NO;
				CLANG_ANALYZER_NONNULL = YES;
				CLANG_ANALYZER_NUMBER_OBJECT_CONVERSION = YES_AGGRESSIVE;
				CLANG_CXX_LANGUAGE_STANDARD = "gnu++14";
				CLANG_CXX_LIBRARY = "libc++";
				CLANG_ENABLE_MODULES = YES;
				CLANG_ENABLE_OBJC_ARC = YES;
				CLANG_ENABLE_OBJC_WEAK = YES;
				CLANG_WARN_BLOCK_CAPTURE_AUTORELEASING = YES;
				CLANG_WARN_BOOL_CONVERSION = YES;
				CLANG_WARN_COMMA = YES;
				CLANG_WARN_CONSTANT_CONVERSION = YES;
				CLANG_WARN_DEPRECATED_OBJC_IMPLEMENTATIONS = YES;
				CLANG_WARN_DIRECT_OBJC_ISA_USAGE = YES_ERROR;
				CLANG_WARN_DOCUMENTATION_COMMENTS = YES;
				CLANG_WARN_EMPTY_BODY = YES;
				CLANG_WARN_ENUM_CONVERSION = YES;
				CLANG_WARN_INFINITE_RECURSION = YES;
				CLANG_WARN_INT_CONVERSION = YES;
				CLANG_WARN_NON_LITERAL_NULL_CONVERSION = YES;
				CLANG_WARN_OBJC_IMPLICIT_RETAIN_SELF = YES;
				CLANG_WARN_OBJC_LITERAL_CONVERSION = YES;
				CLANG_WARN_OBJC_ROOT_CLASS = YES_ERROR;
				CLANG_WARN_RANGE_LOOP_ANALYSIS = YES;
				CLANG_WARN_STRICT_PROTOTYPES = YES;
				CLANG_WARN_SUSPICIOUS_MOVE = YES;
				CLANG_WARN_UNGUARDED_AVAILABILITY = YES_AGGRESSIVE;
				CLANG_WARN_UNREACHABLE_CODE = YES;
				CLANG_WARN__DUPLICATE_METHOD_MATCH = YES;
				COPY_PHASE_STRIP = NO;
				DEBUG_INFORMATION_FORMAT = dwarf;
				ENABLE_STRICT_OBJC_MSGSEND = YES;
				ENABLE_TESTABILITY = YES;
				GCC_C_LANGUAGE_STANDARD = gnu11;
				GCC_DYNAMIC_NO_PIC = NO;
				GCC_NO_COMMON_BLOCKS = YES;
				GCC_OPTIMIZATION_LEVEL = 0;
				GCC_PREPROCESSOR_DEFINITIONS = (
					"DEBUG=1",
					"$(inherited)",
				);
				GCC_WARN_64_TO_32_BIT_CONVERSION = YES;
				GCC_WARN_ABOUT_RETURN_TYPE = YES_ERROR;
				GCC_WARN_UNDECLARED_SELECTOR = YES;
				GCC_WARN_UNINITIALIZED_AUTOS = YES_AGGRESSIVE;
				GCC_WARN_UNUSED_FUNCTION = YES;
				GCC_WARN_UNUSED_VARIABLE = YES;
				MACOSX_DEPLOYMENT_TARGET = 10.15;
				MTL_ENABLE_DEBUG_INFO = INCLUDE_SOURCE;
				MTL_FAST_MATH = YES;
				ONLY_ACTIVE_ARCH = YES;
				SDKROOT = macosx;
				SWIFT_ACTIVE_COMPILATION_CONDITIONS = DEBUG;
				SWIFT_OPTIMIZATION_LEVEL = "-Onone";
			};
			name = Debug;
		};
		220E6E5E240B85010046A114 /* Release */ = {
			isa = XCBuildConfiguration;
			buildSettings = {
				ALWAYS_SEARCH_USER_PATHS = NO;
				CLANG_ANALYZER_NONNULL = YES;
				CLANG_ANALYZER_NUMBER_OBJECT_CONVERSION = YES_AGGRESSIVE;
				CLANG_CXX_LANGUAGE_STANDARD = "gnu++14";
				CLANG_CXX_LIBRARY = "libc++";
				CLANG_ENABLE_MODULES = YES;
				CLANG_ENABLE_OBJC_ARC = YES;
				CLANG_ENABLE_OBJC_WEAK = YES;
				CLANG_WARN_BLOCK_CAPTURE_AUTORELEASING = YES;
				CLANG_WARN_BOOL_CONVERSION = YES;
				CLANG_WARN_COMMA = YES;
				CLANG_WARN_CONSTANT_CONVERSION = YES;
				CLANG_WARN_DEPRECATED_OBJC_IMPLEMENTATIONS = YES;
				CLANG_WARN_DIRECT_OBJC_ISA_USAGE = YES_ERROR;
				CLANG_WARN_DOCUMENTATION_COMMENTS = YES;
				CLANG_WARN_EMPTY_BODY = YES;
				CLANG_WARN_ENUM_CONVERSION = YES;
				CLANG_WARN_INFINITE_RECURSION = YES;
				CLANG_WARN_INT_CONVERSION = YES;
				CLANG_WARN_NON_LITERAL_NULL_CONVERSION = YES;
				CLANG_WARN_OBJC_IMPLICIT_RETAIN_SELF = YES;
				CLANG_WARN_OBJC_LITERAL_CONVERSION = YES;
				CLANG_WARN_OBJC_ROOT_CLASS = YES_ERROR;
				CLANG_WARN_RANGE_LOOP_ANALYSIS = YES;
				CLANG_WARN_STRICT_PROTOTYPES = YES;
				CLANG_WARN_SUSPICIOUS_MOVE = YES;
				CLANG_WARN_UNGUARDED_AVAILABILITY = YES_AGGRESSIVE;
				CLANG_WARN_UNREACHABLE_CODE = YES;
				CLANG_WARN__DUPLICATE_METHOD_MATCH = YES;
				COPY_PHASE_STRIP = NO;
				DEBUG_INFORMATION_FORMAT = "dwarf-with-dsym";
				ENABLE_NS_ASSERTIONS = NO;
				ENABLE_STRICT_OBJC_MSGSEND = YES;
				GCC_C_LANGUAGE_STANDARD = gnu11;
				GCC_NO_COMMON_BLOCKS = YES;
				GCC_WARN_64_TO_32_BIT_CONVERSION = YES;
				GCC_WARN_ABOUT_RETURN_TYPE = YES_ERROR;
				GCC_WARN_UNDECLARED_SELECTOR = YES;
				GCC_WARN_UNINITIALIZED_AUTOS = YES_AGGRESSIVE;
				GCC_WARN_UNUSED_FUNCTION = YES;
				GCC_WARN_UNUSED_VARIABLE = YES;
				MACOSX_DEPLOYMENT_TARGET = 10.15;
				MTL_ENABLE_DEBUG_INFO = NO;
				MTL_FAST_MATH = YES;
				SDKROOT = macosx;
				SWIFT_COMPILATION_MODE = wholemodule;
				SWIFT_OPTIMIZATION_LEVEL = "-O";
			};
			name = Release;
		};
		220E6E60240B85010046A114 /* Debug */ = {
			isa = XCBuildConfiguration;
			buildSettings = {
				ASSETCATALOG_COMPILER_APPICON_NAME = AppIcon;
				CODE_SIGN_ENTITLEMENTS = pomododo/pomododo.entitlements;
				CODE_SIGN_STYLE = Automatic;
				COMBINE_HIDPI_IMAGES = YES;
				DEVELOPMENT_ASSET_PATHS = "\"pomododo/Preview Content\"";
				DEVELOPMENT_TEAM = UB5HM776CJ;
				ENABLE_HARDENED_RUNTIME = YES;
				ENABLE_PREVIEWS = YES;
				INFOPLIST_FILE = pomododo/Info.plist;
				LD_RUNPATH_SEARCH_PATHS = (
					"$(inherited)",
					"@executable_path/../Frameworks",
				);
				MACOSX_DEPLOYMENT_TARGET = 10.15;
				PRODUCT_BUNDLE_IDENTIFIER = triet.pomododo;
				PRODUCT_NAME = "$(TARGET_NAME)";
				SWIFT_VERSION = 5.0;
			};
			name = Debug;
		};
		220E6E61240B85010046A114 /* Release */ = {
			isa = XCBuildConfiguration;
			buildSettings = {
				ASSETCATALOG_COMPILER_APPICON_NAME = AppIcon;
				CODE_SIGN_ENTITLEMENTS = pomododo/pomododo.entitlements;
				CODE_SIGN_STYLE = Automatic;
				COMBINE_HIDPI_IMAGES = YES;
				DEVELOPMENT_ASSET_PATHS = "\"pomododo/Preview Content\"";
				DEVELOPMENT_TEAM = UB5HM776CJ;
				ENABLE_HARDENED_RUNTIME = YES;
				ENABLE_PREVIEWS = YES;
				INFOPLIST_FILE = pomododo/Info.plist;
				LD_RUNPATH_SEARCH_PATHS = (
					"$(inherited)",
					"@executable_path/../Frameworks",
				);
				MACOSX_DEPLOYMENT_TARGET = 10.15;
				PRODUCT_BUNDLE_IDENTIFIER = triet.pomododo;
				PRODUCT_NAME = "$(TARGET_NAME)";
				SWIFT_VERSION = 5.0;
			};
			name = Release;
		};
/* End XCBuildConfiguration section */

/* Begin XCConfigurationList section */
		220E6E47240B84FF0046A114 /* Build configuration list for PBXProject "pomododo" */ = {
			isa = XCConfigurationList;
			buildConfigurations = (
				220E6E5D240B85010046A114 /* Debug */,
				220E6E5E240B85010046A114 /* Release */,
			);
			defaultConfigurationIsVisible = 0;
			defaultConfigurationName = Release;
		};
		220E6E5F240B85010046A114 /* Build configuration list for PBXNativeTarget "pomododo" */ = {
			isa = XCConfigurationList;
			buildConfigurations = (
				220E6E60240B85010046A114 /* Debug */,
				220E6E61240B85010046A114 /* Release */,
			);
			defaultConfigurationIsVisible = 0;
			defaultConfigurationName = Release;
		};
/* End XCConfigurationList section */
	};
	rootObject = 220E6E44240B84FF0046A114 /* Project object */;
}
